
Microsoft Visual Studio Solution File, Format Version 12.00
# Visual Studio Version 17
VisualStudioVersion = 17.8.34330.188
MinimumVisualStudioVersion = 10.0.40219.1
Project("{FAE04EC0-301F-11D3-BF4B-00C04F79EFBC}") = "microsoftLearnExercise29", "microsoftLearnExercise29\microsoftLearnExercise29.csproj", "{11069655-5213-4918-A71C-BDF09FB7AE98}"
EndProject
Global
	GlobalSection(SolutionConfigurationPlatforms) = preSolution
		Debug|Any CPU = Debug|Any CPU
		Release|Any CPU = Release|Any CPU
	EndGlobalSection
	GlobalSection(ProjectConfigurationPlatforms) = postSolution
		{11069655-5213-4918-A71C-BDF09FB7AE98}.Debug|Any CPU.ActiveCfg = Debug|Any CPU
		{11069655-5213-4918-A71C-BDF09FB7AE98}.Debug|Any CPU.Build.0 = Debug|Any CPU
		{11069655-5213-4918-A71C-BDF09FB7AE98}.Release|Any CPU.ActiveCfg = Release|Any CPU
		{11069655-5213-4918-A71C-BDF09FB7AE98}.Release|Any CPU.Build.0 = Release|Any CPU
	EndGlobalSection
	GlobalSection(SolutionProperties) = preSolution
		HideSolutionNode = FALSE
	EndGlobalSection
	GlobalSection(ExtensibilityGlobals) = postSolution
		SolutionGuid = {29294DAB-D3BF-405D-B668-AA1703107A6C}
	EndGlobalSection
EndGlobal
